
Microsoft Visual Studio Solution File, Format Version 12.00
# Visual Studio Version 17
VisualStudioVersion = 17.8.34511.84
MinimumVisualStudioVersion = 10.0.40219.1
Project("{FAE04EC0-301F-11D3-BF4B-00C04F79EFBC}") = "CZ.API", "CZ.API\CZ.API.csproj", "{2A4B2C4D-9010-498F-813D-F5E5C3D81BEB}"
EndProject
Project("{FAE04EC0-301F-11D3-BF4B-00C04F79EFBC}") = "CZ.Domain", "CZ.Domain\CZ.Domain.csproj", "{ADBC795E-E363-451F-873A-006DFEF309DA}"
EndProject
Project("{FAE04EC0-301F-11D3-BF4B-00C04F79EFBC}") = "CZ.Infrastructure", "CZ.Infrastructure\CZ.Infrastructure.csproj", "{0816A280-0EA5-4748-8715-23D48E71F6B5}"
EndProject
Project("{FAE04EC0-301F-11D3-BF4B-00C04F79EFBC}") = "CZ.Services", "CZ.Services\CZ.Services.csproj", "{AF525AC0-7741-4AE3-A49E-E775D2BB0C94}"
EndProject
Project("{FAE04EC0-301F-11D3-BF4B-00C04F79EFBC}") = "CZ.DTO", "CZ.DTO\CZ.DTO.csproj", "{6D9A00C6-B8DB-4466-BBE9-AC58F304926B}"
EndProject
Global
	GlobalSection(SolutionConfigurationPlatforms) = preSolution
		Debug|Any CPU = Debug|Any CPU
		Release|Any CPU = Release|Any CPU
	EndGlobalSection
	GlobalSection(ProjectConfigurationPlatforms) = postSolution
		{2A4B2C4D-9010-498F-813D-F5E5C3D81BEB}.Debug|Any CPU.ActiveCfg = Debug|Any CPU
		{2A4B2C4D-9010-498F-813D-F5E5C3D81BEB}.Debug|Any CPU.Build.0 = Debug|Any CPU
		{2A4B2C4D-9010-498F-813D-F5E5C3D81BEB}.Release|Any CPU.ActiveCfg = Release|Any CPU
		{2A4B2C4D-9010-498F-813D-F5E5C3D81BEB}.Release|Any CPU.Build.0 = Release|Any CPU
		{ADBC795E-E363-451F-873A-006DFEF309DA}.Debug|Any CPU.ActiveCfg = Debug|Any CPU
		{ADBC795E-E363-451F-873A-006DFEF309DA}.Debug|Any CPU.Build.0 = Debug|Any CPU
		{ADBC795E-E363-451F-873A-006DFEF309DA}.Release|Any CPU.ActiveCfg = Release|Any CPU
		{ADBC795E-E363-451F-873A-006DFEF309DA}.Release|Any CPU.Build.0 = Release|Any CPU
		{0816A280-0EA5-4748-8715-23D48E71F6B5}.Debug|Any CPU.ActiveCfg = Debug|Any CPU
		{0816A280-0EA5-4748-8715-23D48E71F6B5}.Debug|Any CPU.Build.0 = Debug|Any CPU
		{0816A280-0EA5-4748-8715-23D48E71F6B5}.Release|Any CPU.ActiveCfg = Release|Any CPU
		{0816A280-0EA5-4748-8715-23D48E71F6B5}.Release|Any CPU.Build.0 = Release|Any CPU
		{AF525AC0-7741-4AE3-A49E-E775D2BB0C94}.Debug|Any CPU.ActiveCfg = Debug|Any CPU
		{AF525AC0-7741-4AE3-A49E-E775D2BB0C94}.Debug|Any CPU.Build.0 = Debug|Any CPU
		{AF525AC0-7741-4AE3-A49E-E775D2BB0C94}.Release|Any CPU.ActiveCfg = Release|Any CPU
		{AF525AC0-7741-4AE3-A49E-E775D2BB0C94}.Release|Any CPU.Build.0 = Release|Any CPU
		{6D9A00C6-B8DB-4466-BBE9-AC58F304926B}.Debug|Any CPU.ActiveCfg = Debug|Any CPU
		{6D9A00C6-B8DB-4466-BBE9-AC58F304926B}.Debug|Any CPU.Build.0 = Debug|Any CPU
		{6D9A00C6-B8DB-4466-BBE9-AC58F304926B}.Release|Any CPU.ActiveCfg = Release|Any CPU
		{6D9A00C6-B8DB-4466-BBE9-AC58F304926B}.Release|Any CPU.Build.0 = Release|Any CPU
	EndGlobalSection
	GlobalSection(SolutionProperties) = preSolution
		HideSolutionNode = FALSE
	EndGlobalSection
	GlobalSection(ExtensibilityGlobals) = postSolution
		SolutionGuid = {5CD21BEB-D77D-4BF2-B52A-9DB2219693BD}
	EndGlobalSection
EndGlobal
